
Microsoft Visual Studio Solution File, Format Version 12.00
# Visual Studio Version 17
VisualStudioVersion = 17.1.32407.343
MinimumVisualStudioVersion = 10.0.40219.1
Project("{888888A0-9F3D-457C-B088-3A5042F75D52}") = "Exchange Rates", "Exchange Rates.pyproj", "{CDF9CFEF-B1DD-4176-9937-4E52B1767DAA}"
EndProject
Global
	GlobalSection(SolutionConfigurationPlatforms) = preSolution
		Debug|Any CPU = Debug|Any CPU
		Release|Any CPU = Release|Any CPU
	EndGlobalSection
	GlobalSection(ProjectConfigurationPlatforms) = postSolution
		{CDF9CFEF-B1DD-4176-9937-4E52B1767DAA}.Debug|Any CPU.ActiveCfg = Debug|Any CPU
		{CDF9CFEF-B1DD-4176-9937-4E52B1767DAA}.Release|Any CPU.ActiveCfg = Release|Any CPU
	EndGlobalSection
	GlobalSection(SolutionProperties) = preSolution
		HideSolutionNode = FALSE
	EndGlobalSection
	GlobalSection(ExtensibilityGlobals) = postSolution
		SolutionGuid = {A462BF7B-2AB6-4E94-BB03-2E280B62E296}
	EndGlobalSection
EndGlobal
